// !$*UTF8*$!
{
	archiveVersion = 1;
	classes = {
	};
	objectVersion = 46;
	objects = {

/* Begin PBXBuildFile section */
		F19CDED91DC19545006E066A /* main.m in Sources */ = {isa = PBXBuildFile; fileRef = F19CDED81DC19545006E066A /* main.m */; };
		F19CDEDC1DC19545006E066A /* AppDelegate.m in Sources */ = {isa = PBXBuildFile; fileRef = F19CDEDB1DC19545006E066A /* AppDelegate.m */; };
		F19CDEDF1DC19545006E066A /* ViewController.m in Sources */ = {isa = PBXBuildFile; fileRef = F19CDEDE1DC19545006E066A /* ViewController.m */; };
		F19CDEE21DC19545006E066A /* Main.storyboard in Resources */ = {isa = PBXBuildFile; fileRef = F19CDEE01DC19545006E066A /* Main.storyboard */; };
		F19CDEE41DC19545006E066A /* Assets.xcassets in Resources */ = {isa = PBXBuildFile; fileRef = F19CDEE31DC19545006E066A /* Assets.xcassets */; };
		F19CDEE71DC19545006E066A /* LaunchScreen.storyboard in Resources */ = {isa = PBXBuildFile; fileRef = F19CDEE51DC19545006E066A /* LaunchScreen.storyboard */; };
/* End PBXBuildFile section */

/* Begin PBXFileReference section */
		F19CDED41DC19545006E066A /* AlertContoller.app */ = {isa = PBXFileReference; explicitFileType = wrapper.application; includeInIndex = 0; path = AlertContoller.app; sourceTree = BUILT_PRODUCTS_DIR; };
		F19CDED81DC19545006E066A /* main.m */ = {isa = PBXFileReference; lastKnownFileType = sourcecode.c.objc; path = main.m; sourceTree = "<group>"; };
		F19CDEDA1DC19545006E066A /* AppDelegate.h */ = {isa = PBXFileReference; lastKnownFileType = sourcecode.c.h; path = AppDelegate.h; sourceTree = "<group>"; };
		F19CDEDB1DC19545006E066A /* AppDelegate.m */ = {isa = PBXFileReference; lastKnownFileType = sourcecode.c.objc; path = AppDelegate.m; sourceTree = "<group>"; };
		F19CDEDD1DC19545006E066A /* ViewController.h */ = {isa = PBXFileReference; lastKnownFileType = sourcecode.c.h; path = ViewController.h; sourceTree = "<group>"; };
		F19CDEDE1DC19545006E066A /* ViewController.m */ = {isa = PBXFileReference; lastKnownFileType = sourcecode.c.objc; path = ViewController.m; sourceTree = "<group>"; };
		F19CDEE11DC19545006E066A /* Base */ = {isa = PBXFileReference; lastKnownFileType = file.storyboard; name = Base; path = Base.lproj/Main.storyboard; sourceTree = "<group>"; };
		F19CDEE31DC19545006E066A /* Assets.xcassets */ = {isa = PBXFileReference; lastKnownFileType = folder.assetcatalog; path = Assets.xcassets; sourceTree = "<group>"; };
		F19CDEE61DC19545006E066A /* Base */ = {isa = PBXFileReference; lastKnownFileType = file.storyboard; name = Base; path = Base.lproj/LaunchScreen.storyboard; sourceTree = "<group>"; };
		F19CDEE81DC19545006E066A /* Info.plist */ = {isa = PBXFileReference; lastKnownFileType = text.plist.xml; path = Info.plist; sourceTree = "<group>"; };
/* End PBXFileReference section */

/* Begin PBXFrameworksBuildPhase section */
		F19CDED11DC19545006E066A /* Frameworks */ = {
			isa = PBXFrameworksBuildPhase;
			buildActionMask = 2147483647;
			files = (
			);
			runOnlyForDeploymentPostprocessing = 0;
		};
/* End PBXFrameworksBuildPhase section */

/* Begin PBXGroup section */
		F19CDECB1DC19545006E066A = {
			isa = PBXGroup;
			children = (
				F19CDED61DC19545006E066A /* AlertContoller */,
				F19CDED51DC19545006E066A /* Products */,
			);
			sourceTree = "<group>";
		};
		F19CDED51DC19545006E066A /* Products */ = {
			isa = PBXGroup;
			children = (
				F19CDED41DC19545006E066A /* AlertContoller.app */,
			);
			name = Products;
			sourceTree = "<group>";
		};
		F19CDED61DC19545006E066A /* AlertContoller */ = {
			isa = PBXGroup;
			children = (
				F19CDEDA1DC19545006E066A /* AppDelegate.h */,
				F19CDEDB1DC19545006E066A /* AppDelegate.m */,
				F19CDEDD1DC19545006E066A /* ViewController.h */,
				F19CDEDE1DC19545006E066A /* ViewController.m */,
				F19CDEE01DC19545006E066A /* Main.storyboard */,
				F19CDEE31DC19545006E066A /* Assets.xcassets */,
				F19CDEE51DC19545006E066A /* LaunchScreen.storyboard */,
				F19CDEE81DC19545006E066A /* Info.plist */,
				F19CDED71DC19545006E066A /* Supporting Files */,
			);
			path = AlertContoller;
			sourceTree = "<group>";
		};
		F19CDED71DC19545006E066A /* Supporting Files */ = {
			isa = PBXGroup;
			children = (
				F19CDED81DC19545006E066A /* main.m */,
			);
			name = "Supporting Files";
			sourceTree = "<group>";
		};
/* End PBXGroup section */

/* Begin PBXNativeTarget section */
		F19CDED31DC19545006E066A /* AlertContoller */ = {
			isa = PBXNativeTarget;
			buildConfigurationList = F19CDEEB1DC19545006E066A /* Build configuration list for PBXNativeTarget "AlertContoller" */;
			buildPhases = (
				F19CDED01DC19545006E066A /* Sources */,
				F19CDED11DC19545006E066A /* Frameworks */,
				F19CDED21DC19545006E066A /* Resources */,
			);
			buildRules = (
			);
			dependencies = (
			);
			name = AlertContoller;
			productName = AlertContoller;
			productReference = F19CDED41DC19545006E066A /* AlertContoller.app */;
			productType = "com.apple.product-type.application";
		};
/* End PBXNativeTarget section */

/* Begin PBXProject section */
		F19CDECC1DC19545006E066A /* Project object */ = {
			isa = PBXProject;
			attributes = {
				LastUpgradeCheck = 0800;
				ORGANIZATIONNAME = iosSchool;
				TargetAttributes = {
					F19CDED31DC19545006E066A = {
						CreatedOnToolsVersion = 8.0;
						ProvisioningStyle = Automatic;
					};
				};
			};
			buildConfigurationList = F19CDECF1DC19545006E066A /* Build configuration list for PBXProject "AlertContoller" */;
			compatibilityVersion = "Xcode 3.2";
			developmentRegion = English;
			hasScannedForEncodings = 0;
			knownRegions = (
				en,
				Base,
			);
			mainGroup = F19CDECB1DC19545006E066A;
			productRefGroup = F19CDED51DC19545006E066A /* Products */;
			projectDirPath = "";
			projectRoot = "";
			targets = (
				F19CDED31DC19545006E066A /* AlertContoller */,
			);
		};
/* End PBXProject section */

/* Begin PBXResourcesBuildPhase section */
		F19CDED21DC19545006E066A /* Resources */ = {
			isa = PBXResourcesBuildPhase;
			buildActionMask = 2147483647;
			files = (
				F19CDEE71DC19545006E066A /* LaunchScreen.storyboard in Resources */,
				F19CDEE41DC19545006E066A /* Assets.xcassets in Resources */,
				F19CDEE21DC19545006E066A /* Main.storyboard in Resources */,
			);
			runOnlyForDeploymentPostprocessing = 0;
		};
/* End PBXResourcesBuildPhase section */

/* Begin PBXSourcesBuildPhase section */
		F19CDED01DC19545006E066A /* Sources */ = {
			isa = PBXSourcesBuildPhase;
			buildActionMask = 2147483647;
			files = (
				F19CDEDF1DC19545006E066A /* ViewController.m in Sources */,
				F19CDEDC1DC19545006E066A /* AppDelegate.m in Sources */,
				F19CDED91DC19545006E066A /* main.m in Sources */,
			);
			runOnlyForDeploymentPostprocessing = 0;
		};
/* End PBXSourcesBuildPhase section */

/* Begin PBXVariantGroup section */
		F19CDEE01DC19545006E066A /* Main.storyboard */ = {
			isa = PBXVariantGroup;
			children = (
				F19CDEE11DC19545006E066A /* Base */,
			);
			name = Main.storyboard;
			sourceTree = "<group>";
		};
		F19CDEE51DC19545006E066A /* LaunchScreen.storyboard */ = {
			isa = PBXVariantGroup;
			children = (
				F19CDEE61DC19545006E066A /* Base */,
			);
			name = LaunchScreen.storyboard;
			sourceTree = "<group>";
		};
/* End PBXVariantGroup section */

/* Begin XCBuildConfiguration section */
		F19CDEE91DC19545006E066A /* Debug */ = {
			isa = XCBuildConfiguration;
			buildSettings = {
				ALWAYS_SEARCH_USER_PATHS = NO;
				CLANG_ANALYZER_NONNULL = YES;
				CLANG_CXX_LANGUAGE_STANDARD = "gnu++0x";
				CLANG_CXX_LIBRARY = "libc++";
				CLANG_ENABLE_MODULES = YES;
				CLANG_ENABLE_OBJC_ARC = YES;
				CLANG_WARN_BOOL_CONVERSION = YES;
				CLANG_WARN_CONSTANT_CONVERSION = YES;
				CLANG_WARN_DIRECT_OBJC_ISA_USAGE = YES_ERROR;
				CLANG_WARN_DOCUMENTATION_COMMENTS = YES;
				CLANG_WARN_EMPTY_BODY = YES;
				CLANG_WARN_ENUM_CONVERSION = YES;
				CLANG_WARN_INFINITE_RECURSION = YES;
				CLANG_WARN_INT_CONVERSION = YES;
				CLANG_WARN_OBJC_ROOT_CLASS = YES_ERROR;
				CLANG_WARN_SUSPICIOUS_MOVES = YES;
				CLANG_WARN_UNREACHABLE_CODE = YES;
				CLANG_WARN__DUPLICATE_METHOD_MATCH = YES;
				"CODE_SIGN_IDENTITY[sdk=iphoneos*]" = "iPhone Developer";
				COPY_PHASE_STRIP = NO;
				DEBUG_INFORMATION_FORMAT = dwarf;
				ENABLE_STRICT_OBJC_MSGSEND = YES;
				ENABLE_TESTABILITY = YES;
				GCC_C_LANGUAGE_STANDARD = gnu99;
				GCC_DYNAMIC_NO_PIC = NO;
				GCC_NO_COMMON_BLOCKS = YES;
				GCC_OPTIMIZATION_LEVEL = 0;
				GCC_PREPROCESSOR_DEFINITIONS = (
					"DEBUG=1",
					"$(inherited)",
				);
				GCC_WARN_64_TO_32_BIT_CONVERSION = YES;
				GCC_WARN_ABOUT_RETURN_TYPE = YES_ERROR;
				GCC_WARN_UNDECLARED_SELECTOR = YES;
				GCC_WARN_UNINITIALIZED_AUTOS = YES_AGGRESSIVE;
				GCC_WARN_UNUSED_FUNCTION = YES;
				GCC_WARN_UNUSED_VARIABLE = YES;
				IPHONEOS_DEPLOYMENT_TARGET = 10.0;
				MTL_ENABLE_DEBUG_INFO = YES;
				ONLY_ACTIVE_ARCH = YES;
				SDKROOT = iphoneos;
			};
			name = Debug;
		};
		F19CDEEA1DC19545006E066A /* Release */ = {
			isa = XCBuildConfiguration;
			buildSettings = {
				ALWAYS_SEARCH_USER_PATHS = NO;
				CLANG_ANALYZER_NONNULL = YES;
				CLANG_CXX_LANGUAGE_STANDARD = "gnu++0x";
				CLANG_CXX_LIBRARY = "libc++";
				CLANG_ENABLE_MODULES = YES;
				CLANG_ENABLE_OBJC_ARC = YES;
				CLANG_WARN_BOOL_CONVERSION = YES;
				CLANG_WARN_CONSTANT_CONVERSION = YES;
				CLANG_WARN_DIRECT_OBJC_ISA_USAGE = YES_ERROR;
				CLANG_WARN_DOCUMENTATION_COMMENTS = YES;
				CLANG_WARN_EMPTY_BODY = YES;
				CLANG_WARN_ENUM_CONVERSION = YES;
				CLANG_WARN_INFINITE_RECURSION = YES;
				CLANG_WARN_INT_CONVERSION = YES;
				CLANG_WARN_OBJC_ROOT_CLASS = YES_ERROR;
				CLANG_WARN_SUSPICIOUS_MOVES = YES;
				CLANG_WARN_UNREACHABLE_CODE = YES;
				CLANG_WARN__DUPLICATE_METHOD_MATCH = YES;
				"CODE_SIGN_IDENTITY[sdk=iphoneos*]" = "iPhone Developer";
				COPY_PHASE_STRIP = NO;
				DEBUG_INFORMATION_FORMAT = "dwarf-with-dsym";
				ENABLE_NS_ASSERTIONS = NO;
				ENABLE_STRICT_OBJC_MSGSEND = YES;
				GCC_C_LANGUAGE_STANDARD = gnu99;
				GCC_NO_COMMON_BLOCKS = YES;
				GCC_WARN_64_TO_32_BIT_CONVERSION = YES;
				GCC_WARN_ABOUT_RETURN_TYPE = YES_ERROR;
				GCC_WARN_UNDECLARED_SELECTOR = YES;
				GCC_WARN_UNINITIALIZED_AUTOS = YES_AGGRESSIVE;
				GCC_WARN_UNUSED_FUNCTION = YES;
				GCC_WARN_UNUSED_VARIABLE = YES;
				IPHONEOS_DEPLOYMENT_TARGET = 10.0;
				MTL_ENABLE_DEBUG_INFO = NO;
				SDKROOT = iphoneos;
				VALIDATE_PRODUCT = YES;
			};
			name = Release;
		};
		F19CDEEC1DC19545006E066A /* Debug */ = {
			isa = XCBuildConfiguration;
			buildSettings = {
				ASSETCATALOG_COMPILER_APPICON_NAME = AppIcon;
				INFOPLIST_FILE = AlertContoller/Info.plist;
				LD_RUNPATH_SEARCH_PATHS = "$(inherited) @executable_path/Frameworks";
				PRODUCT_BUNDLE_IDENTIFIER = com.test.AlertContoller;
				PRODUCT_NAME = "$(TARGET_NAME)";
			};
			name = Debug;
		};
		F19CDEED1DC19545006E066A /* Release */ = {
			isa = XCBuildConfiguration;
			buildSettings = {
				ASSETCATALOG_COMPILER_APPICON_NAME = AppIcon;
				INFOPLIST_FILE = AlertContoller/Info.plist;
				LD_RUNPATH_SEARCH_PATHS = "$(inherited) @executable_path/Frameworks";
				PRODUCT_BUNDLE_IDENTIFIER = com.test.AlertContoller;
				PRODUCT_NAME = "$(TARGET_NAME)";
			};
			name = Release;
		};
/* End XCBuildConfiguration section */

/* Begin XCConfigurationList section */
		F19CDECF1DC19545006E066A /* Build configuration list for PBXProject "AlertContoller" */ = {
			isa = XCConfigurationList;
			buildConfigurations = (
				F19CDEE91DC19545006E066A /* Debug */,
				F19CDEEA1DC19545006E066A /* Release */,
			);
			defaultConfigurationIsVisible = 0;
			defaultConfigurationName = Release;
		};
		F19CDEEB1DC19545006E066A /* Build configuration list for PBXNativeTarget "AlertContoller" */ = {
			isa = XCConfigurationList;
			buildConfigurations = (
				F19CDEEC1DC19545006E066A /* Debug */,
				F19CDEED1DC19545006E066A /* Release */,
			);
			defaultConfigurationIsVisible = 0;
		};
/* End XCConfigurationList section */
	};
	rootObject = F19CDECC1DC19545006E066A /* Project object */;
}
