// !$*UTF8*$!
{
	archiveVersion = 1;
	classes = {
	};
	objectVersion = 46;
	objects = {

/* Begin PBXBuildFile section */
		F18E8EE91DAF716400EEC01A /* main.m in Sources */ = {isa = PBXBuildFile; fileRef = F18E8EE81DAF716400EEC01A /* main.m */; };
		F18E8EEC1DAF716400EEC01A /* AppDelegate.m in Sources */ = {isa = PBXBuildFile; fileRef = F18E8EEB1DAF716400EEC01A /* AppDelegate.m */; };
		F18E8EEF1DAF716400EEC01A /* ViewController.m in Sources */ = {isa = PBXBuildFile; fileRef = F18E8EEE1DAF716400EEC01A /* ViewController.m */; };
		F18E8EF21DAF716400EEC01A /* Main.storyboard in Resources */ = {isa = PBXBuildFile; fileRef = F18E8EF01DAF716400EEC01A /* Main.storyboard */; };
		F18E8EF41DAF716400EEC01A /* Assets.xcassets in Resources */ = {isa = PBXBuildFile; fileRef = F18E8EF31DAF716400EEC01A /* Assets.xcassets */; };
		F18E8EF71DAF716400EEC01A /* LaunchScreen.storyboard in Resources */ = {isa = PBXBuildFile; fileRef = F18E8EF51DAF716400EEC01A /* LaunchScreen.storyboard */; };
		F18E8EFF1DAF71BA00EEC01A /* dog.jpg in Resources */ = {isa = PBXBuildFile; fileRef = F18E8EFE1DAF71BA00EEC01A /* dog.jpg */; };
		F18E8F051DAF71CA00EEC01A /* bear.jpg in Resources */ = {isa = PBXBuildFile; fileRef = F18E8F001DAF71CA00EEC01A /* bear.jpg */; };
		F18E8F061DAF71CA00EEC01A /* black_swan.jpg in Resources */ = {isa = PBXBuildFile; fileRef = F18E8F011DAF71CA00EEC01A /* black_swan.jpg */; };
		F18E8F071DAF71CA00EEC01A /* buffalo.jpg in Resources */ = {isa = PBXBuildFile; fileRef = F18E8F021DAF71CA00EEC01A /* buffalo.jpg */; };
		F18E8F081DAF71CA00EEC01A /* camel.jpg in Resources */ = {isa = PBXBuildFile; fileRef = F18E8F031DAF71CA00EEC01A /* camel.jpg */; };
		F18E8F091DAF71CA00EEC01A /* cockatoo.jpg in Resources */ = {isa = PBXBuildFile; fileRef = F18E8F041DAF71CA00EEC01A /* cockatoo.jpg */; };
/* End PBXBuildFile section */

/* Begin PBXFileReference section */
		F18E8EE41DAF716400EEC01A /* UITableForAnimal.app */ = {isa = PBXFileReference; explicitFileType = wrapper.application; includeInIndex = 0; path = UITableForAnimal.app; sourceTree = BUILT_PRODUCTS_DIR; };
		F18E8EE81DAF716400EEC01A /* main.m */ = {isa = PBXFileReference; lastKnownFileType = sourcecode.c.objc; path = main.m; sourceTree = "<group>"; };
		F18E8EEA1DAF716400EEC01A /* AppDelegate.h */ = {isa = PBXFileReference; lastKnownFileType = sourcecode.c.h; path = AppDelegate.h; sourceTree = "<group>"; };
		F18E8EEB1DAF716400EEC01A /* AppDelegate.m */ = {isa = PBXFileReference; lastKnownFileType = sourcecode.c.objc; path = AppDelegate.m; sourceTree = "<group>"; };
		F18E8EED1DAF716400EEC01A /* ViewController.h */ = {isa = PBXFileReference; lastKnownFileType = sourcecode.c.h; path = ViewController.h; sourceTree = "<group>"; };
		F18E8EEE1DAF716400EEC01A /* ViewController.m */ = {isa = PBXFileReference; lastKnownFileType = sourcecode.c.objc; path = ViewController.m; sourceTree = "<group>"; };
		F18E8EF11DAF716400EEC01A /* Base */ = {isa = PBXFileReference; lastKnownFileType = file.storyboard; name = Base; path = Base.lproj/Main.storyboard; sourceTree = "<group>"; };
		F18E8EF31DAF716400EEC01A /* Assets.xcassets */ = {isa = PBXFileReference; lastKnownFileType = folder.assetcatalog; path = Assets.xcassets; sourceTree = "<group>"; };
		F18E8EF61DAF716400EEC01A /* Base */ = {isa = PBXFileReference; lastKnownFileType = file.storyboard; name = Base; path = Base.lproj/LaunchScreen.storyboard; sourceTree = "<group>"; };
		F18E8EF81DAF716400EEC01A /* Info.plist */ = {isa = PBXFileReference; lastKnownFileType = text.plist.xml; path = Info.plist; sourceTree = "<group>"; };
		F18E8EFE1DAF71BA00EEC01A /* dog.jpg */ = {isa = PBXFileReference; lastKnownFileType = image.jpeg; path = dog.jpg; sourceTree = "<group>"; };
		F18E8F001DAF71CA00EEC01A /* bear.jpg */ = {isa = PBXFileReference; lastKnownFileType = image.jpeg; path = bear.jpg; sourceTree = "<group>"; };
		F18E8F011DAF71CA00EEC01A /* black_swan.jpg */ = {isa = PBXFileReference; lastKnownFileType = image.jpeg; path = black_swan.jpg; sourceTree = "<group>"; };
		F18E8F021DAF71CA00EEC01A /* buffalo.jpg */ = {isa = PBXFileReference; lastKnownFileType = image.jpeg; path = buffalo.jpg; sourceTree = "<group>"; };
		F18E8F031DAF71CA00EEC01A /* camel.jpg */ = {isa = PBXFileReference; lastKnownFileType = image.jpeg; path = camel.jpg; sourceTree = "<group>"; };
		F18E8F041DAF71CA00EEC01A /* cockatoo.jpg */ = {isa = PBXFileReference; lastKnownFileType = image.jpeg; path = cockatoo.jpg; sourceTree = "<group>"; };
/* End PBXFileReference section */

/* Begin PBXFrameworksBuildPhase section */
		F18E8EE11DAF716400EEC01A /* Frameworks */ = {
			isa = PBXFrameworksBuildPhase;
			buildActionMask = 2147483647;
			files = (
			);
			runOnlyForDeploymentPostprocessing = 0;
		};
/* End PBXFrameworksBuildPhase section */

/* Begin PBXGroup section */
		F18E8EDB1DAF716400EEC01A = {
			isa = PBXGroup;
			children = (
				F18E8EE61DAF716400EEC01A /* UITableForAnimal */,
				F18E8EE51DAF716400EEC01A /* Products */,
			);
			sourceTree = "<group>";
		};
		F18E8EE51DAF716400EEC01A /* Products */ = {
			isa = PBXGroup;
			children = (
				F18E8EE41DAF716400EEC01A /* UITableForAnimal.app */,
			);
			name = Products;
			sourceTree = "<group>";
		};
		F18E8EE61DAF716400EEC01A /* UITableForAnimal */ = {
			isa = PBXGroup;
			children = (
				F18E8EFE1DAF71BA00EEC01A /* dog.jpg */,
				F18E8F001DAF71CA00EEC01A /* bear.jpg */,
				F18E8F011DAF71CA00EEC01A /* black_swan.jpg */,
				F18E8F021DAF71CA00EEC01A /* buffalo.jpg */,
				F18E8F031DAF71CA00EEC01A /* camel.jpg */,
				F18E8F041DAF71CA00EEC01A /* cockatoo.jpg */,
				F18E8EEA1DAF716400EEC01A /* AppDelegate.h */,
				F18E8EEB1DAF716400EEC01A /* AppDelegate.m */,
				F18E8EED1DAF716400EEC01A /* ViewController.h */,
				F18E8EEE1DAF716400EEC01A /* ViewController.m */,
				F18E8EF01DAF716400EEC01A /* Main.storyboard */,
				F18E8EF31DAF716400EEC01A /* Assets.xcassets */,
				F18E8EF51DAF716400EEC01A /* LaunchScreen.storyboard */,
				F18E8EF81DAF716400EEC01A /* Info.plist */,
				F18E8EE71DAF716400EEC01A /* Supporting Files */,
			);
			path = UITableForAnimal;
			sourceTree = "<group>";
		};
		F18E8EE71DAF716400EEC01A /* Supporting Files */ = {
			isa = PBXGroup;
			children = (
				F18E8EE81DAF716400EEC01A /* main.m */,
			);
			name = "Supporting Files";
			sourceTree = "<group>";
		};
/* End PBXGroup section */

/* Begin PBXNativeTarget section */
		F18E8EE31DAF716400EEC01A /* UITableForAnimal */ = {
			isa = PBXNativeTarget;
			buildConfigurationList = F18E8EFB1DAF716400EEC01A /* Build configuration list for PBXNativeTarget "UITableForAnimal" */;
			buildPhases = (
				F18E8EE01DAF716400EEC01A /* Sources */,
				F18E8EE11DAF716400EEC01A /* Frameworks */,
				F18E8EE21DAF716400EEC01A /* Resources */,
			);
			buildRules = (
			);
			dependencies = (
			);
			name = UITableForAnimal;
			productName = UITableForAnimal;
			productReference = F18E8EE41DAF716400EEC01A /* UITableForAnimal.app */;
			productType = "com.apple.product-type.application";
		};
/* End PBXNativeTarget section */

/* Begin PBXProject section */
		F18E8EDC1DAF716400EEC01A /* Project object */ = {
			isa = PBXProject;
			attributes = {
				LastUpgradeCheck = 0800;
				ORGANIZATIONNAME = iosSchool;
				TargetAttributes = {
					F18E8EE31DAF716400EEC01A = {
						CreatedOnToolsVersion = 8.0;
						ProvisioningStyle = Automatic;
					};
				};
			};
			buildConfigurationList = F18E8EDF1DAF716400EEC01A /* Build configuration list for PBXProject "UITableForAnimal" */;
			compatibilityVersion = "Xcode 3.2";
			developmentRegion = English;
			hasScannedForEncodings = 0;
			knownRegions = (
				en,
				Base,
			);
			mainGroup = F18E8EDB1DAF716400EEC01A;
			productRefGroup = F18E8EE51DAF716400EEC01A /* Products */;
			projectDirPath = "";
			projectRoot = "";
			targets = (
				F18E8EE31DAF716400EEC01A /* UITableForAnimal */,
			);
		};
/* End PBXProject section */

/* Begin PBXResourcesBuildPhase section */
		F18E8EE21DAF716400EEC01A /* Resources */ = {
			isa = PBXResourcesBuildPhase;
			buildActionMask = 2147483647;
			files = (
				F18E8EFF1DAF71BA00EEC01A /* dog.jpg in Resources */,
				F18E8F071DAF71CA00EEC01A /* buffalo.jpg in Resources */,
				F18E8F081DAF71CA00EEC01A /* camel.jpg in Resources */,
				F18E8F051DAF71CA00EEC01A /* bear.jpg in Resources */,
				F18E8EF71DAF716400EEC01A /* LaunchScreen.storyboard in Resources */,
				F18E8F091DAF71CA00EEC01A /* cockatoo.jpg in Resources */,
				F18E8EF41DAF716400EEC01A /* Assets.xcassets in Resources */,
				F18E8F061DAF71CA00EEC01A /* black_swan.jpg in Resources */,
				F18E8EF21DAF716400EEC01A /* Main.storyboard in Resources */,
			);
			runOnlyForDeploymentPostprocessing = 0;
		};
/* End PBXResourcesBuildPhase section */

/* Begin PBXSourcesBuildPhase section */
		F18E8EE01DAF716400EEC01A /* Sources */ = {
			isa = PBXSourcesBuildPhase;
			buildActionMask = 2147483647;
			files = (
				F18E8EEF1DAF716400EEC01A /* ViewController.m in Sources */,
				F18E8EEC1DAF716400EEC01A /* AppDelegate.m in Sources */,
				F18E8EE91DAF716400EEC01A /* main.m in Sources */,
			);
			runOnlyForDeploymentPostprocessing = 0;
		};
/* End PBXSourcesBuildPhase section */

/* Begin PBXVariantGroup section */
		F18E8EF01DAF716400EEC01A /* Main.storyboard */ = {
			isa = PBXVariantGroup;
			children = (
				F18E8EF11DAF716400EEC01A /* Base */,
			);
			name = Main.storyboard;
			sourceTree = "<group>";
		};
		F18E8EF51DAF716400EEC01A /* LaunchScreen.storyboard */ = {
			isa = PBXVariantGroup;
			children = (
				F18E8EF61DAF716400EEC01A /* Base */,
			);
			name = LaunchScreen.storyboard;
			sourceTree = "<group>";
		};
/* End PBXVariantGroup section */

/* Begin XCBuildConfiguration section */
		F18E8EF91DAF716400EEC01A /* Debug */ = {
			isa = XCBuildConfiguration;
			buildSettings = {
				ALWAYS_SEARCH_USER_PATHS = NO;
				CLANG_ANALYZER_NONNULL = YES;
				CLANG_CXX_LANGUAGE_STANDARD = "gnu++0x";
				CLANG_CXX_LIBRARY = "libc++";
				CLANG_ENABLE_MODULES = YES;
				CLANG_ENABLE_OBJC_ARC = YES;
				CLANG_WARN_BOOL_CONVERSION = YES;
				CLANG_WARN_CONSTANT_CONVERSION = YES;
				CLANG_WARN_DIRECT_OBJC_ISA_USAGE = YES_ERROR;
				CLANG_WARN_DOCUMENTATION_COMMENTS = YES;
				CLANG_WARN_EMPTY_BODY = YES;
				CLANG_WARN_ENUM_CONVERSION = YES;
				CLANG_WARN_INFINITE_RECURSION = YES;
				CLANG_WARN_INT_CONVERSION = YES;
				CLANG_WARN_OBJC_ROOT_CLASS = YES_ERROR;
				CLANG_WARN_SUSPICIOUS_MOVES = YES;
				CLANG_WARN_UNREACHABLE_CODE = YES;
				CLANG_WARN__DUPLICATE_METHOD_MATCH = YES;
				"CODE_SIGN_IDENTITY[sdk=iphoneos*]" = "iPhone Developer";
				COPY_PHASE_STRIP = NO;
				DEBUG_INFORMATION_FORMAT = dwarf;
				ENABLE_STRICT_OBJC_MSGSEND = YES;
				ENABLE_TESTABILITY = YES;
				GCC_C_LANGUAGE_STANDARD = gnu99;
				GCC_DYNAMIC_NO_PIC = NO;
				GCC_NO_COMMON_BLOCKS = YES;
				GCC_OPTIMIZATION_LEVEL = 0;
				GCC_PREPROCESSOR_DEFINITIONS = (
					"DEBUG=1",
					"$(inherited)",
				);
				GCC_WARN_64_TO_32_BIT_CONVERSION = YES;
				GCC_WARN_ABOUT_RETURN_TYPE = YES_ERROR;
				GCC_WARN_UNDECLARED_SELECTOR = YES;
				GCC_WARN_UNINITIALIZED_AUTOS = YES_AGGRESSIVE;
				GCC_WARN_UNUSED_FUNCTION = YES;
				GCC_WARN_UNUSED_VARIABLE = YES;
				IPHONEOS_DEPLOYMENT_TARGET = 10.0;
				MTL_ENABLE_DEBUG_INFO = YES;
				ONLY_ACTIVE_ARCH = YES;
				SDKROOT = iphoneos;
			};
			name = Debug;
		};
		F18E8EFA1DAF716400EEC01A /* Release */ = {
			isa = XCBuildConfiguration;
			buildSettings = {
				ALWAYS_SEARCH_USER_PATHS = NO;
				CLANG_ANALYZER_NONNULL = YES;
				CLANG_CXX_LANGUAGE_STANDARD = "gnu++0x";
				CLANG_CXX_LIBRARY = "libc++";
				CLANG_ENABLE_MODULES = YES;
				CLANG_ENABLE_OBJC_ARC = YES;
				CLANG_WARN_BOOL_CONVERSION = YES;
				CLANG_WARN_CONSTANT_CONVERSION = YES;
				CLANG_WARN_DIRECT_OBJC_ISA_USAGE = YES_ERROR;
				CLANG_WARN_DOCUMENTATION_COMMENTS = YES;
				CLANG_WARN_EMPTY_BODY = YES;
				CLANG_WARN_ENUM_CONVERSION = YES;
				CLANG_WARN_INFINITE_RECURSION = YES;
				CLANG_WARN_INT_CONVERSION = YES;
				CLANG_WARN_OBJC_ROOT_CLASS = YES_ERROR;
				CLANG_WARN_SUSPICIOUS_MOVES = YES;
				CLANG_WARN_UNREACHABLE_CODE = YES;
				CLANG_WARN__DUPLICATE_METHOD_MATCH = YES;
				"CODE_SIGN_IDENTITY[sdk=iphoneos*]" = "iPhone Developer";
				COPY_PHASE_STRIP = NO;
				DEBUG_INFORMATION_FORMAT = "dwarf-with-dsym";
				ENABLE_NS_ASSERTIONS = NO;
				ENABLE_STRICT_OBJC_MSGSEND = YES;
				GCC_C_LANGUAGE_STANDARD = gnu99;
				GCC_NO_COMMON_BLOCKS = YES;
				GCC_WARN_64_TO_32_BIT_CONVERSION = YES;
				GCC_WARN_ABOUT_RETURN_TYPE = YES_ERROR;
				GCC_WARN_UNDECLARED_SELECTOR = YES;
				GCC_WARN_UNINITIALIZED_AUTOS = YES_AGGRESSIVE;
				GCC_WARN_UNUSED_FUNCTION = YES;
				GCC_WARN_UNUSED_VARIABLE = YES;
				IPHONEOS_DEPLOYMENT_TARGET = 10.0;
				MTL_ENABLE_DEBUG_INFO = NO;
				SDKROOT = iphoneos;
				VALIDATE_PRODUCT = YES;
			};
			name = Release;
		};
		F18E8EFC1DAF716400EEC01A /* Debug */ = {
			isa = XCBuildConfiguration;
			buildSettings = {
				ASSETCATALOG_COMPILER_APPICON_NAME = AppIcon;
				INFOPLIST_FILE = UITableForAnimal/Info.plist;
				LD_RUNPATH_SEARCH_PATHS = "$(inherited) @executable_path/Frameworks";
				PRODUCT_BUNDLE_IDENTIFIER = com.test.UITableForAnimal;
				PRODUCT_NAME = "$(TARGET_NAME)";
			};
			name = Debug;
		};
		F18E8EFD1DAF716400EEC01A /* Release */ = {
			isa = XCBuildConfiguration;
			buildSettings = {
				ASSETCATALOG_COMPILER_APPICON_NAME = AppIcon;
				INFOPLIST_FILE = UITableForAnimal/Info.plist;
				LD_RUNPATH_SEARCH_PATHS = "$(inherited) @executable_path/Frameworks";
				PRODUCT_BUNDLE_IDENTIFIER = com.test.UITableForAnimal;
				PRODUCT_NAME = "$(TARGET_NAME)";
			};
			name = Release;
		};
/* End XCBuildConfiguration section */

/* Begin XCConfigurationList section */
		F18E8EDF1DAF716400EEC01A /* Build configuration list for PBXProject "UITableForAnimal" */ = {
			isa = XCConfigurationList;
			buildConfigurations = (
				F18E8EF91DAF716400EEC01A /* Debug */,
				F18E8EFA1DAF716400EEC01A /* Release */,
			);
			defaultConfigurationIsVisible = 0;
			defaultConfigurationName = Release;
		};
		F18E8EFB1DAF716400EEC01A /* Build configuration list for PBXNativeTarget "UITableForAnimal" */ = {
			isa = XCConfigurationList;
			buildConfigurations = (
				F18E8EFC1DAF716400EEC01A /* Debug */,
				F18E8EFD1DAF716400EEC01A /* Release */,
			);
			defaultConfigurationIsVisible = 0;
		};
/* End XCConfigurationList section */
	};
	rootObject = F18E8EDC1DAF716400EEC01A /* Project object */;
}
