// !$*UTF8*$!
{
	archiveVersion = 1;
	classes = {
	};
	objectVersion = 46;
	objects = {

/* Begin PBXBuildFile section */
		F1F934C21D9B9F4E007761B6 /* main.m in Sources */ = {isa = PBXBuildFile; fileRef = F1F934C11D9B9F4E007761B6 /* main.m */; };
		F1F934CC1D9B9F5C007761B6 /* DLinkedList.m in Sources */ = {isa = PBXBuildFile; fileRef = F1F934C91D9B9F5C007761B6 /* DLinkedList.m */; };
		F1F934CD1D9B9F5C007761B6 /* Node.m in Sources */ = {isa = PBXBuildFile; fileRef = F1F934CB1D9B9F5C007761B6 /* Node.m */; };
/* End PBXBuildFile section */

/* Begin PBXCopyFilesBuildPhase section */
		F1F934BC1D9B9F4E007761B6 /* CopyFiles */ = {
			isa = PBXCopyFilesBuildPhase;
			buildActionMask = 2147483647;
			dstPath = /usr/share/man/man1/;
			dstSubfolderSpec = 0;
			files = (
			);
			runOnlyForDeploymentPostprocessing = 1;
		};
/* End PBXCopyFilesBuildPhase section */

/* Begin PBXFileReference section */
		F1F934BE1D9B9F4E007761B6 /* Linked */ = {isa = PBXFileReference; explicitFileType = "compiled.mach-o.executable"; includeInIndex = 0; path = Linked; sourceTree = BUILT_PRODUCTS_DIR; };
		F1F934C11D9B9F4E007761B6 /* main.m */ = {isa = PBXFileReference; lastKnownFileType = sourcecode.c.objc; path = main.m; sourceTree = "<group>"; };
		F1F934C81D9B9F5C007761B6 /* DLinkedList.h */ = {isa = PBXFileReference; fileEncoding = 4; lastKnownFileType = sourcecode.c.h; path = DLinkedList.h; sourceTree = "<group>"; };
		F1F934C91D9B9F5C007761B6 /* DLinkedList.m */ = {isa = PBXFileReference; fileEncoding = 4; lastKnownFileType = sourcecode.c.objc; path = DLinkedList.m; sourceTree = "<group>"; };
		F1F934CA1D9B9F5C007761B6 /* Node.h */ = {isa = PBXFileReference; fileEncoding = 4; lastKnownFileType = sourcecode.c.h; path = Node.h; sourceTree = "<group>"; };
		F1F934CB1D9B9F5C007761B6 /* Node.m */ = {isa = PBXFileReference; fileEncoding = 4; lastKnownFileType = sourcecode.c.objc; path = Node.m; sourceTree = "<group>"; };
/* End PBXFileReference section */

/* Begin PBXFrameworksBuildPhase section */
		F1F934BB1D9B9F4E007761B6 /* Frameworks */ = {
			isa = PBXFrameworksBuildPhase;
			buildActionMask = 2147483647;
			files = (
			);
			runOnlyForDeploymentPostprocessing = 0;
		};
/* End PBXFrameworksBuildPhase section */

/* Begin PBXGroup section */
		F1F934B51D9B9F4E007761B6 = {
			isa = PBXGroup;
			children = (
				F1F934C01D9B9F4E007761B6 /* Linked */,
				F1F934BF1D9B9F4E007761B6 /* Products */,
			);
			sourceTree = "<group>";
		};
		F1F934BF1D9B9F4E007761B6 /* Products */ = {
			isa = PBXGroup;
			children = (
				F1F934BE1D9B9F4E007761B6 /* Linked */,
			);
			name = Products;
			sourceTree = "<group>";
		};
		F1F934C01D9B9F4E007761B6 /* Linked */ = {
			isa = PBXGroup;
			children = (
				F1F934C81D9B9F5C007761B6 /* DLinkedList.h */,
				F1F934C91D9B9F5C007761B6 /* DLinkedList.m */,
				F1F934CA1D9B9F5C007761B6 /* Node.h */,
				F1F934CB1D9B9F5C007761B6 /* Node.m */,
				F1F934C11D9B9F4E007761B6 /* main.m */,
			);
			path = Linked;
			sourceTree = "<group>";
		};
/* End PBXGroup section */

/* Begin PBXNativeTarget section */
		F1F934BD1D9B9F4E007761B6 /* Linked */ = {
			isa = PBXNativeTarget;
			buildConfigurationList = F1F934C51D9B9F4E007761B6 /* Build configuration list for PBXNativeTarget "Linked" */;
			buildPhases = (
				F1F934BA1D9B9F4E007761B6 /* Sources */,
				F1F934BB1D9B9F4E007761B6 /* Frameworks */,
				F1F934BC1D9B9F4E007761B6 /* CopyFiles */,
			);
			buildRules = (
			);
			dependencies = (
			);
			name = Linked;
			productName = Linked;
			productReference = F1F934BE1D9B9F4E007761B6 /* Linked */;
			productType = "com.apple.product-type.tool";
		};
/* End PBXNativeTarget section */

/* Begin PBXProject section */
		F1F934B61D9B9F4E007761B6 /* Project object */ = {
			isa = PBXProject;
			attributes = {
				LastUpgradeCheck = 0800;
				ORGANIZATIONNAME = iosSchool;
				TargetAttributes = {
					F1F934BD1D9B9F4E007761B6 = {
						CreatedOnToolsVersion = 8.0;
						ProvisioningStyle = Automatic;
					};
				};
			};
			buildConfigurationList = F1F934B91D9B9F4E007761B6 /* Build configuration list for PBXProject "Linked" */;
			compatibilityVersion = "Xcode 3.2";
			developmentRegion = English;
			hasScannedForEncodings = 0;
			knownRegions = (
				en,
			);
			mainGroup = F1F934B51D9B9F4E007761B6;
			productRefGroup = F1F934BF1D9B9F4E007761B6 /* Products */;
			projectDirPath = "";
			projectRoot = "";
			targets = (
				F1F934BD1D9B9F4E007761B6 /* Linked */,
			);
		};
/* End PBXProject section */

/* Begin PBXSourcesBuildPhase section */
		F1F934BA1D9B9F4E007761B6 /* Sources */ = {
			isa = PBXSourcesBuildPhase;
			buildActionMask = 2147483647;
			files = (
				F1F934C21D9B9F4E007761B6 /* main.m in Sources */,
				F1F934CC1D9B9F5C007761B6 /* DLinkedList.m in Sources */,
				F1F934CD1D9B9F5C007761B6 /* Node.m in Sources */,
			);
			runOnlyForDeploymentPostprocessing = 0;
		};
/* End PBXSourcesBuildPhase section */

/* Begin XCBuildConfiguration section */
		F1F934C31D9B9F4E007761B6 /* Debug */ = {
			isa = XCBuildConfiguration;
			buildSettings = {
				ALWAYS_SEARCH_USER_PATHS = NO;
				CLANG_ANALYZER_NONNULL = YES;
				CLANG_CXX_LANGUAGE_STANDARD = "gnu++0x";
				CLANG_CXX_LIBRARY = "libc++";
				CLANG_ENABLE_MODULES = YES;
				CLANG_ENABLE_OBJC_ARC = YES;
				CLANG_WARN_BOOL_CONVERSION = YES;
				CLANG_WARN_CONSTANT_CONVERSION = YES;
				CLANG_WARN_DIRECT_OBJC_ISA_USAGE = YES_ERROR;
				CLANG_WARN_DOCUMENTATION_COMMENTS = YES;
				CLANG_WARN_EMPTY_BODY = YES;
				CLANG_WARN_ENUM_CONVERSION = YES;
				CLANG_WARN_INFINITE_RECURSION = YES;
				CLANG_WARN_INT_CONVERSION = YES;
				CLANG_WARN_OBJC_ROOT_CLASS = YES_ERROR;
				CLANG_WARN_SUSPICIOUS_MOVES = YES;
				CLANG_WARN_UNREACHABLE_CODE = YES;
				CLANG_WARN__DUPLICATE_METHOD_MATCH = YES;
				CODE_SIGN_IDENTITY = "-";
				COPY_PHASE_STRIP = NO;
				DEBUG_INFORMATION_FORMAT = dwarf;
				ENABLE_STRICT_OBJC_MSGSEND = YES;
				ENABLE_TESTABILITY = YES;
				GCC_C_LANGUAGE_STANDARD = gnu99;
				GCC_DYNAMIC_NO_PIC = NO;
				GCC_NO_COMMON_BLOCKS = YES;
				GCC_OPTIMIZATION_LEVEL = 0;
				GCC_PREPROCESSOR_DEFINITIONS = (
					"DEBUG=1",
					"$(inherited)",
				);
				GCC_WARN_64_TO_32_BIT_CONVERSION = YES;
				GCC_WARN_ABOUT_RETURN_TYPE = YES_ERROR;
				GCC_WARN_UNDECLARED_SELECTOR = YES;
				GCC_WARN_UNINITIALIZED_AUTOS = YES_AGGRESSIVE;
				GCC_WARN_UNUSED_FUNCTION = YES;
				GCC_WARN_UNUSED_VARIABLE = YES;
				MACOSX_DEPLOYMENT_TARGET = 10.11;
				MTL_ENABLE_DEBUG_INFO = YES;
				ONLY_ACTIVE_ARCH = YES;
				SDKROOT = macosx;
			};
			name = Debug;
		};
		F1F934C41D9B9F4E007761B6 /* Release */ = {
			isa = XCBuildConfiguration;
			buildSettings = {
				ALWAYS_SEARCH_USER_PATHS = NO;
				CLANG_ANALYZER_NONNULL = YES;
				CLANG_CXX_LANGUAGE_STANDARD = "gnu++0x";
				CLANG_CXX_LIBRARY = "libc++";
				CLANG_ENABLE_MODULES = YES;
				CLANG_ENABLE_OBJC_ARC = YES;
				CLANG_WARN_BOOL_CONVERSION = YES;
				CLANG_WARN_CONSTANT_CONVERSION = YES;
				CLANG_WARN_DIRECT_OBJC_ISA_USAGE = YES_ERROR;
				CLANG_WARN_DOCUMENTATION_COMMENTS = YES;
				CLANG_WARN_EMPTY_BODY = YES;
				CLANG_WARN_ENUM_CONVERSION = YES;
				CLANG_WARN_INFINITE_RECURSION = YES;
				CLANG_WARN_INT_CONVERSION = YES;
				CLANG_WARN_OBJC_ROOT_CLASS = YES_ERROR;
				CLANG_WARN_SUSPICIOUS_MOVES = YES;
				CLANG_WARN_UNREACHABLE_CODE = YES;
				CLANG_WARN__DUPLICATE_METHOD_MATCH = YES;
				CODE_SIGN_IDENTITY = "-";
				COPY_PHASE_STRIP = NO;
				DEBUG_INFORMATION_FORMAT = "dwarf-with-dsym";
				ENABLE_NS_ASSERTIONS = NO;
				ENABLE_STRICT_OBJC_MSGSEND = YES;
				GCC_C_LANGUAGE_STANDARD = gnu99;
				GCC_NO_COMMON_BLOCKS = YES;
				GCC_WARN_64_TO_32_BIT_CONVERSION = YES;
				GCC_WARN_ABOUT_RETURN_TYPE = YES_ERROR;
				GCC_WARN_UNDECLARED_SELECTOR = YES;
				GCC_WARN_UNINITIALIZED_AUTOS = YES_AGGRESSIVE;
				GCC_WARN_UNUSED_FUNCTION = YES;
				GCC_WARN_UNUSED_VARIABLE = YES;
				MACOSX_DEPLOYMENT_TARGET = 10.11;
				MTL_ENABLE_DEBUG_INFO = NO;
				SDKROOT = macosx;
			};
			name = Release;
		};
		F1F934C61D9B9F4E007761B6 /* Debug */ = {
			isa = XCBuildConfiguration;
			buildSettings = {
				PRODUCT_NAME = "$(TARGET_NAME)";
			};
			name = Debug;
		};
		F1F934C71D9B9F4E007761B6 /* Release */ = {
			isa = XCBuildConfiguration;
			buildSettings = {
				PRODUCT_NAME = "$(TARGET_NAME)";
			};
			name = Release;
		};
/* End XCBuildConfiguration section */

/* Begin XCConfigurationList section */
		F1F934B91D9B9F4E007761B6 /* Build configuration list for PBXProject "Linked" */ = {
			isa = XCConfigurationList;
			buildConfigurations = (
				F1F934C31D9B9F4E007761B6 /* Debug */,
				F1F934C41D9B9F4E007761B6 /* Release */,
			);
			defaultConfigurationIsVisible = 0;
			defaultConfigurationName = Release;
		};
		F1F934C51D9B9F4E007761B6 /* Build configuration list for PBXNativeTarget "Linked" */ = {
			isa = XCConfigurationList;
			buildConfigurations = (
				F1F934C61D9B9F4E007761B6 /* Debug */,
				F1F934C71D9B9F4E007761B6 /* Release */,
			);
			defaultConfigurationIsVisible = 0;
		};
/* End XCConfigurationList section */
	};
	rootObject = F1F934B61D9B9F4E007761B6 /* Project object */;
}
