// !$*UTF8*$!
{
	archiveVersion = 1;
	classes = {
	};
	objectVersion = 46;
	objects = {

/* Begin PBXBuildFile section */
		F1D371691D936D5500119302 /* main.m in Sources */ = {isa = PBXBuildFile; fileRef = F1D371681D936D5500119302 /* main.m */; };
		F1D371711D936D6500119302 /* Warrior.m in Sources */ = {isa = PBXBuildFile; fileRef = F1D371701D936D6500119302 /* Warrior.m */; };
		F1D371741D936D7200119302 /* Wizzard.m in Sources */ = {isa = PBXBuildFile; fileRef = F1D371731D936D7200119302 /* Wizzard.m */; };
		F1D371771D936D8500119302 /* GameCharacter.m in Sources */ = {isa = PBXBuildFile; fileRef = F1D371761D936D8500119302 /* GameCharacter.m */; };
		F1D3717A1D9370F300119302 /* Dog.m in Sources */ = {isa = PBXBuildFile; fileRef = F1D371791D9370F300119302 /* Dog.m */; };
		F1D3717D1D93710200119302 /* Cat.m in Sources */ = {isa = PBXBuildFile; fileRef = F1D3717C1D93710200119302 /* Cat.m */; };
		F1D371801D93711100119302 /* Tiger.m in Sources */ = {isa = PBXBuildFile; fileRef = F1D3717F1D93711100119302 /* Tiger.m */; };
		F1D371831D93712200119302 /* Animal.m in Sources */ = {isa = PBXBuildFile; fileRef = F1D371821D93712200119302 /* Animal.m */; };
		F1D371861D93756E00119302 /* Person.m in Sources */ = {isa = PBXBuildFile; fileRef = F1D371851D93756E00119302 /* Person.m */; };
		F1D371891D93769D00119302 /* Student.m in Sources */ = {isa = PBXBuildFile; fileRef = F1D371881D93769D00119302 /* Student.m */; };
		F1D3718C1D93774F00119302 /* UniversityStudent.m in Sources */ = {isa = PBXBuildFile; fileRef = F1D3718B1D93774F00119302 /* UniversityStudent.m */; };
		F1D3718F1D9378C900119302 /* Teacher.m in Sources */ = {isa = PBXBuildFile; fileRef = F1D3718E1D9378C900119302 /* Teacher.m */; };
/* End PBXBuildFile section */

/* Begin PBXCopyFilesBuildPhase section */
		F1D371631D936D5500119302 /* CopyFiles */ = {
			isa = PBXCopyFilesBuildPhase;
			buildActionMask = 2147483647;
			dstPath = /usr/share/man/man1/;
			dstSubfolderSpec = 0;
			files = (
			);
			runOnlyForDeploymentPostprocessing = 1;
		};
/* End PBXCopyFilesBuildPhase section */

/* Begin PBXFileReference section */
		F1D371651D936D5500119302 /* InheritanceClass */ = {isa = PBXFileReference; explicitFileType = "compiled.mach-o.executable"; includeInIndex = 0; path = InheritanceClass; sourceTree = BUILT_PRODUCTS_DIR; };
		F1D371681D936D5500119302 /* main.m */ = {isa = PBXFileReference; lastKnownFileType = sourcecode.c.objc; path = main.m; sourceTree = "<group>"; };
		F1D3716F1D936D6500119302 /* Warrior.h */ = {isa = PBXFileReference; fileEncoding = 4; lastKnownFileType = sourcecode.c.h; path = Warrior.h; sourceTree = "<group>"; };
		F1D371701D936D6500119302 /* Warrior.m */ = {isa = PBXFileReference; fileEncoding = 4; lastKnownFileType = sourcecode.c.objc; path = Warrior.m; sourceTree = "<group>"; };
		F1D371721D936D7200119302 /* Wizzard.h */ = {isa = PBXFileReference; fileEncoding = 4; lastKnownFileType = sourcecode.c.h; path = Wizzard.h; sourceTree = "<group>"; };
		F1D371731D936D7200119302 /* Wizzard.m */ = {isa = PBXFileReference; fileEncoding = 4; lastKnownFileType = sourcecode.c.objc; path = Wizzard.m; sourceTree = "<group>"; };
		F1D371751D936D8500119302 /* GameCharacter.h */ = {isa = PBXFileReference; fileEncoding = 4; lastKnownFileType = sourcecode.c.h; path = GameCharacter.h; sourceTree = "<group>"; };
		F1D371761D936D8500119302 /* GameCharacter.m */ = {isa = PBXFileReference; fileEncoding = 4; lastKnownFileType = sourcecode.c.objc; path = GameCharacter.m; sourceTree = "<group>"; };
		F1D371781D9370F300119302 /* Dog.h */ = {isa = PBXFileReference; fileEncoding = 4; lastKnownFileType = sourcecode.c.h; path = Dog.h; sourceTree = "<group>"; };
		F1D371791D9370F300119302 /* Dog.m */ = {isa = PBXFileReference; fileEncoding = 4; lastKnownFileType = sourcecode.c.objc; path = Dog.m; sourceTree = "<group>"; };
		F1D3717B1D93710200119302 /* Cat.h */ = {isa = PBXFileReference; fileEncoding = 4; lastKnownFileType = sourcecode.c.h; path = Cat.h; sourceTree = "<group>"; };
		F1D3717C1D93710200119302 /* Cat.m */ = {isa = PBXFileReference; fileEncoding = 4; lastKnownFileType = sourcecode.c.objc; path = Cat.m; sourceTree = "<group>"; };
		F1D3717E1D93711100119302 /* Tiger.h */ = {isa = PBXFileReference; fileEncoding = 4; lastKnownFileType = sourcecode.c.h; path = Tiger.h; sourceTree = "<group>"; };
		F1D3717F1D93711100119302 /* Tiger.m */ = {isa = PBXFileReference; fileEncoding = 4; lastKnownFileType = sourcecode.c.objc; path = Tiger.m; sourceTree = "<group>"; };
		F1D371811D93712200119302 /* Animal.h */ = {isa = PBXFileReference; fileEncoding = 4; lastKnownFileType = sourcecode.c.h; path = Animal.h; sourceTree = "<group>"; };
		F1D371821D93712200119302 /* Animal.m */ = {isa = PBXFileReference; fileEncoding = 4; lastKnownFileType = sourcecode.c.objc; path = Animal.m; sourceTree = "<group>"; };
		F1D371841D93756E00119302 /* Person.h */ = {isa = PBXFileReference; fileEncoding = 4; lastKnownFileType = sourcecode.c.h; path = Person.h; sourceTree = "<group>"; };
		F1D371851D93756E00119302 /* Person.m */ = {isa = PBXFileReference; fileEncoding = 4; lastKnownFileType = sourcecode.c.objc; path = Person.m; sourceTree = "<group>"; };
		F1D371871D93769D00119302 /* Student.h */ = {isa = PBXFileReference; fileEncoding = 4; lastKnownFileType = sourcecode.c.h; path = Student.h; sourceTree = "<group>"; };
		F1D371881D93769D00119302 /* Student.m */ = {isa = PBXFileReference; fileEncoding = 4; lastKnownFileType = sourcecode.c.objc; path = Student.m; sourceTree = "<group>"; };
		F1D3718A1D93774F00119302 /* UniversityStudent.h */ = {isa = PBXFileReference; fileEncoding = 4; lastKnownFileType = sourcecode.c.h; path = UniversityStudent.h; sourceTree = "<group>"; };
		F1D3718B1D93774F00119302 /* UniversityStudent.m */ = {isa = PBXFileReference; fileEncoding = 4; lastKnownFileType = sourcecode.c.objc; path = UniversityStudent.m; sourceTree = "<group>"; };
		F1D3718D1D9378C900119302 /* Teacher.h */ = {isa = PBXFileReference; fileEncoding = 4; lastKnownFileType = sourcecode.c.h; path = Teacher.h; sourceTree = "<group>"; };
		F1D3718E1D9378C900119302 /* Teacher.m */ = {isa = PBXFileReference; fileEncoding = 4; lastKnownFileType = sourcecode.c.objc; path = Teacher.m; sourceTree = "<group>"; };
/* End PBXFileReference section */

/* Begin PBXFrameworksBuildPhase section */
		F1D371621D936D5500119302 /* Frameworks */ = {
			isa = PBXFrameworksBuildPhase;
			buildActionMask = 2147483647;
			files = (
			);
			runOnlyForDeploymentPostprocessing = 0;
		};
/* End PBXFrameworksBuildPhase section */

/* Begin PBXGroup section */
		F1D3715C1D936D5500119302 = {
			isa = PBXGroup;
			children = (
				F1D371671D936D5500119302 /* InheritanceClass */,
				F1D371661D936D5500119302 /* Products */,
			);
			sourceTree = "<group>";
		};
		F1D371661D936D5500119302 /* Products */ = {
			isa = PBXGroup;
			children = (
				F1D371651D936D5500119302 /* InheritanceClass */,
			);
			name = Products;
			sourceTree = "<group>";
		};
		F1D371671D936D5500119302 /* InheritanceClass */ = {
			isa = PBXGroup;
			children = (
				F1D371681D936D5500119302 /* main.m */,
				F1D371901D937BB600119302 /* PersontoUniversityStudent */,
				F1D371911D937BEC00119302 /* Animals */,
				F1D371921D937BFC00119302 /* gameCharacters */,
			);
			path = InheritanceClass;
			sourceTree = "<group>";
		};
		F1D371901D937BB600119302 /* PersontoUniversityStudent */ = {
			isa = PBXGroup;
			children = (
				F1D3718D1D9378C900119302 /* Teacher.h */,
				F1D3718E1D9378C900119302 /* Teacher.m */,
				F1D3718A1D93774F00119302 /* UniversityStudent.h */,
				F1D3718B1D93774F00119302 /* UniversityStudent.m */,
				F1D371871D93769D00119302 /* Student.h */,
				F1D371881D93769D00119302 /* Student.m */,
				F1D371841D93756E00119302 /* Person.h */,
				F1D371851D93756E00119302 /* Person.m */,
			);
			name = PersontoUniversityStudent;
			sourceTree = "<group>";
		};
		F1D371911D937BEC00119302 /* Animals */ = {
			isa = PBXGroup;
			children = (
				F1D371811D93712200119302 /* Animal.h */,
				F1D371821D93712200119302 /* Animal.m */,
				F1D3717E1D93711100119302 /* Tiger.h */,
				F1D3717F1D93711100119302 /* Tiger.m */,
				F1D3717B1D93710200119302 /* Cat.h */,
				F1D3717C1D93710200119302 /* Cat.m */,
				F1D371781D9370F300119302 /* Dog.h */,
				F1D371791D9370F300119302 /* Dog.m */,
			);
			name = Animals;
			sourceTree = "<group>";
		};
		F1D371921D937BFC00119302 /* gameCharacters */ = {
			isa = PBXGroup;
			children = (
				F1D371751D936D8500119302 /* GameCharacter.h */,
				F1D371761D936D8500119302 /* GameCharacter.m */,
				F1D371721D936D7200119302 /* Wizzard.h */,
				F1D371731D936D7200119302 /* Wizzard.m */,
				F1D3716F1D936D6500119302 /* Warrior.h */,
				F1D371701D936D6500119302 /* Warrior.m */,
			);
			name = gameCharacters;
			sourceTree = "<group>";
		};
/* End PBXGroup section */

/* Begin PBXNativeTarget section */
		F1D371641D936D5500119302 /* InheritanceClass */ = {
			isa = PBXNativeTarget;
			buildConfigurationList = F1D3716C1D936D5500119302 /* Build configuration list for PBXNativeTarget "InheritanceClass" */;
			buildPhases = (
				F1D371611D936D5500119302 /* Sources */,
				F1D371621D936D5500119302 /* Frameworks */,
				F1D371631D936D5500119302 /* CopyFiles */,
			);
			buildRules = (
			);
			dependencies = (
			);
			name = InheritanceClass;
			productName = InheritanceClass;
			productReference = F1D371651D936D5500119302 /* InheritanceClass */;
			productType = "com.apple.product-type.tool";
		};
/* End PBXNativeTarget section */

/* Begin PBXProject section */
		F1D3715D1D936D5500119302 /* Project object */ = {
			isa = PBXProject;
			attributes = {
				LastUpgradeCheck = 0800;
				ORGANIZATIONNAME = iosSchool;
				TargetAttributes = {
					F1D371641D936D5500119302 = {
						CreatedOnToolsVersion = 8.0;
						ProvisioningStyle = Automatic;
					};
				};
			};
			buildConfigurationList = F1D371601D936D5500119302 /* Build configuration list for PBXProject "InheritanceClass" */;
			compatibilityVersion = "Xcode 3.2";
			developmentRegion = English;
			hasScannedForEncodings = 0;
			knownRegions = (
				en,
			);
			mainGroup = F1D3715C1D936D5500119302;
			productRefGroup = F1D371661D936D5500119302 /* Products */;
			projectDirPath = "";
			projectRoot = "";
			targets = (
				F1D371641D936D5500119302 /* InheritanceClass */,
			);
		};
/* End PBXProject section */

/* Begin PBXSourcesBuildPhase section */
		F1D371611D936D5500119302 /* Sources */ = {
			isa = PBXSourcesBuildPhase;
			buildActionMask = 2147483647;
			files = (
				F1D3718F1D9378C900119302 /* Teacher.m in Sources */,
				F1D3717D1D93710200119302 /* Cat.m in Sources */,
				F1D371741D936D7200119302 /* Wizzard.m in Sources */,
				F1D371771D936D8500119302 /* GameCharacter.m in Sources */,
				F1D3717A1D9370F300119302 /* Dog.m in Sources */,
				F1D3718C1D93774F00119302 /* UniversityStudent.m in Sources */,
				F1D371711D936D6500119302 /* Warrior.m in Sources */,
				F1D371831D93712200119302 /* Animal.m in Sources */,
				F1D371861D93756E00119302 /* Person.m in Sources */,
				F1D371891D93769D00119302 /* Student.m in Sources */,
				F1D371801D93711100119302 /* Tiger.m in Sources */,
				F1D371691D936D5500119302 /* main.m in Sources */,
			);
			runOnlyForDeploymentPostprocessing = 0;
		};
/* End PBXSourcesBuildPhase section */

/* Begin XCBuildConfiguration section */
		F1D3716A1D936D5500119302 /* Debug */ = {
			isa = XCBuildConfiguration;
			buildSettings = {
				ALWAYS_SEARCH_USER_PATHS = NO;
				CLANG_ANALYZER_NONNULL = YES;
				CLANG_CXX_LANGUAGE_STANDARD = "gnu++0x";
				CLANG_CXX_LIBRARY = "libc++";
				CLANG_ENABLE_MODULES = YES;
				CLANG_ENABLE_OBJC_ARC = YES;
				CLANG_WARN_BOOL_CONVERSION = YES;
				CLANG_WARN_CONSTANT_CONVERSION = YES;
				CLANG_WARN_DIRECT_OBJC_ISA_USAGE = YES_ERROR;
				CLANG_WARN_DOCUMENTATION_COMMENTS = YES;
				CLANG_WARN_EMPTY_BODY = YES;
				CLANG_WARN_ENUM_CONVERSION = YES;
				CLANG_WARN_INFINITE_RECURSION = YES;
				CLANG_WARN_INT_CONVERSION = YES;
				CLANG_WARN_OBJC_ROOT_CLASS = YES_ERROR;
				CLANG_WARN_SUSPICIOUS_MOVES = YES;
				CLANG_WARN_UNREACHABLE_CODE = YES;
				CLANG_WARN__DUPLICATE_METHOD_MATCH = YES;
				CODE_SIGN_IDENTITY = "-";
				COPY_PHASE_STRIP = NO;
				DEBUG_INFORMATION_FORMAT = dwarf;
				ENABLE_STRICT_OBJC_MSGSEND = YES;
				ENABLE_TESTABILITY = YES;
				GCC_C_LANGUAGE_STANDARD = gnu99;
				GCC_DYNAMIC_NO_PIC = NO;
				GCC_NO_COMMON_BLOCKS = YES;
				GCC_OPTIMIZATION_LEVEL = 0;
				GCC_PREPROCESSOR_DEFINITIONS = (
					"DEBUG=1",
					"$(inherited)",
				);
				GCC_WARN_64_TO_32_BIT_CONVERSION = YES;
				GCC_WARN_ABOUT_RETURN_TYPE = YES_ERROR;
				GCC_WARN_UNDECLARED_SELECTOR = YES;
				GCC_WARN_UNINITIALIZED_AUTOS = YES_AGGRESSIVE;
				GCC_WARN_UNUSED_FUNCTION = YES;
				GCC_WARN_UNUSED_VARIABLE = YES;
				MACOSX_DEPLOYMENT_TARGET = 10.11;
				MTL_ENABLE_DEBUG_INFO = YES;
				ONLY_ACTIVE_ARCH = YES;
				SDKROOT = macosx;
			};
			name = Debug;
		};
		F1D3716B1D936D5500119302 /* Release */ = {
			isa = XCBuildConfiguration;
			buildSettings = {
				ALWAYS_SEARCH_USER_PATHS = NO;
				CLANG_ANALYZER_NONNULL = YES;
				CLANG_CXX_LANGUAGE_STANDARD = "gnu++0x";
				CLANG_CXX_LIBRARY = "libc++";
				CLANG_ENABLE_MODULES = YES;
				CLANG_ENABLE_OBJC_ARC = YES;
				CLANG_WARN_BOOL_CONVERSION = YES;
				CLANG_WARN_CONSTANT_CONVERSION = YES;
				CLANG_WARN_DIRECT_OBJC_ISA_USAGE = YES_ERROR;
				CLANG_WARN_DOCUMENTATION_COMMENTS = YES;
				CLANG_WARN_EMPTY_BODY = YES;
				CLANG_WARN_ENUM_CONVERSION = YES;
				CLANG_WARN_INFINITE_RECURSION = YES;
				CLANG_WARN_INT_CONVERSION = YES;
				CLANG_WARN_OBJC_ROOT_CLASS = YES_ERROR;
				CLANG_WARN_SUSPICIOUS_MOVES = YES;
				CLANG_WARN_UNREACHABLE_CODE = YES;
				CLANG_WARN__DUPLICATE_METHOD_MATCH = YES;
				CODE_SIGN_IDENTITY = "-";
				COPY_PHASE_STRIP = NO;
				DEBUG_INFORMATION_FORMAT = "dwarf-with-dsym";
				ENABLE_NS_ASSERTIONS = NO;
				ENABLE_STRICT_OBJC_MSGSEND = YES;
				GCC_C_LANGUAGE_STANDARD = gnu99;
				GCC_NO_COMMON_BLOCKS = YES;
				GCC_WARN_64_TO_32_BIT_CONVERSION = YES;
				GCC_WARN_ABOUT_RETURN_TYPE = YES_ERROR;
				GCC_WARN_UNDECLARED_SELECTOR = YES;
				GCC_WARN_UNINITIALIZED_AUTOS = YES_AGGRESSIVE;
				GCC_WARN_UNUSED_FUNCTION = YES;
				GCC_WARN_UNUSED_VARIABLE = YES;
				MACOSX_DEPLOYMENT_TARGET = 10.11;
				MTL_ENABLE_DEBUG_INFO = NO;
				SDKROOT = macosx;
			};
			name = Release;
		};
		F1D3716D1D936D5500119302 /* Debug */ = {
			isa = XCBuildConfiguration;
			buildSettings = {
				PRODUCT_NAME = "$(TARGET_NAME)";
			};
			name = Debug;
		};
		F1D3716E1D936D5500119302 /* Release */ = {
			isa = XCBuildConfiguration;
			buildSettings = {
				PRODUCT_NAME = "$(TARGET_NAME)";
			};
			name = Release;
		};
/* End XCBuildConfiguration section */

/* Begin XCConfigurationList section */
		F1D371601D936D5500119302 /* Build configuration list for PBXProject "InheritanceClass" */ = {
			isa = XCConfigurationList;
			buildConfigurations = (
				F1D3716A1D936D5500119302 /* Debug */,
				F1D3716B1D936D5500119302 /* Release */,
			);
			defaultConfigurationIsVisible = 0;
			defaultConfigurationName = Release;
		};
		F1D3716C1D936D5500119302 /* Build configuration list for PBXNativeTarget "InheritanceClass" */ = {
			isa = XCConfigurationList;
			buildConfigurations = (
				F1D3716D1D936D5500119302 /* Debug */,
				F1D3716E1D936D5500119302 /* Release */,
			);
			defaultConfigurationIsVisible = 0;
		};
/* End XCConfigurationList section */
	};
	rootObject = F1D3715D1D936D5500119302 /* Project object */;
}
