// !$*UTF8*$!
{
	archiveVersion = 1;
	classes = {
	};
	objectVersion = 46;
	objects = {

/* Begin PBXBuildFile section */
		F1BDAB6A1D98B9FF006A5CF8 /* main.m in Sources */ = {isa = PBXBuildFile; fileRef = F1BDAB691D98B9FF006A5CF8 /* main.m */; };
		F1BDAB721D98BA73006A5CF8 /* CaculationSubject.m in Sources */ = {isa = PBXBuildFile; fileRef = F1BDAB711D98BA73006A5CF8 /* CaculationSubject.m */; };
/* End PBXBuildFile section */

/* Begin PBXCopyFilesBuildPhase section */
		F1BDAB641D98B9FF006A5CF8 /* CopyFiles */ = {
			isa = PBXCopyFilesBuildPhase;
			buildActionMask = 2147483647;
			dstPath = /usr/share/man/man1/;
			dstSubfolderSpec = 0;
			files = (
			);
			runOnlyForDeploymentPostprocessing = 1;
		};
/* End PBXCopyFilesBuildPhase section */

/* Begin PBXFileReference section */
		F1BDAB661D98B9FF006A5CF8 /* GradesCaculatorClass */ = {isa = PBXFileReference; explicitFileType = "compiled.mach-o.executable"; includeInIndex = 0; path = GradesCaculatorClass; sourceTree = BUILT_PRODUCTS_DIR; };
		F1BDAB691D98B9FF006A5CF8 /* main.m */ = {isa = PBXFileReference; lastKnownFileType = sourcecode.c.objc; path = main.m; sourceTree = "<group>"; };
		F1BDAB701D98BA73006A5CF8 /* CaculationSubject.h */ = {isa = PBXFileReference; fileEncoding = 4; lastKnownFileType = sourcecode.c.h; path = CaculationSubject.h; sourceTree = "<group>"; };
		F1BDAB711D98BA73006A5CF8 /* CaculationSubject.m */ = {isa = PBXFileReference; fileEncoding = 4; lastKnownFileType = sourcecode.c.objc; path = CaculationSubject.m; sourceTree = "<group>"; };
/* End PBXFileReference section */

/* Begin PBXFrameworksBuildPhase section */
		F1BDAB631D98B9FF006A5CF8 /* Frameworks */ = {
			isa = PBXFrameworksBuildPhase;
			buildActionMask = 2147483647;
			files = (
			);
			runOnlyForDeploymentPostprocessing = 0;
		};
/* End PBXFrameworksBuildPhase section */

/* Begin PBXGroup section */
		F1BDAB5D1D98B9FF006A5CF8 = {
			isa = PBXGroup;
			children = (
				F1BDAB681D98B9FF006A5CF8 /* GradesCaculatorClass */,
				F1BDAB671D98B9FF006A5CF8 /* Products */,
			);
			sourceTree = "<group>";
		};
		F1BDAB671D98B9FF006A5CF8 /* Products */ = {
			isa = PBXGroup;
			children = (
				F1BDAB661D98B9FF006A5CF8 /* GradesCaculatorClass */,
			);
			name = Products;
			sourceTree = "<group>";
		};
		F1BDAB681D98B9FF006A5CF8 /* GradesCaculatorClass */ = {
			isa = PBXGroup;
			children = (
				F1BDAB691D98B9FF006A5CF8 /* main.m */,
				F1BDAB701D98BA73006A5CF8 /* CaculationSubject.h */,
				F1BDAB711D98BA73006A5CF8 /* CaculationSubject.m */,
			);
			path = GradesCaculatorClass;
			sourceTree = "<group>";
		};
/* End PBXGroup section */

/* Begin PBXNativeTarget section */
		F1BDAB651D98B9FF006A5CF8 /* GradesCaculatorClass */ = {
			isa = PBXNativeTarget;
			buildConfigurationList = F1BDAB6D1D98B9FF006A5CF8 /* Build configuration list for PBXNativeTarget "GradesCaculatorClass" */;
			buildPhases = (
				F1BDAB621D98B9FF006A5CF8 /* Sources */,
				F1BDAB631D98B9FF006A5CF8 /* Frameworks */,
				F1BDAB641D98B9FF006A5CF8 /* CopyFiles */,
			);
			buildRules = (
			);
			dependencies = (
			);
			name = GradesCaculatorClass;
			productName = GradesCaculatorClass;
			productReference = F1BDAB661D98B9FF006A5CF8 /* GradesCaculatorClass */;
			productType = "com.apple.product-type.tool";
		};
/* End PBXNativeTarget section */

/* Begin PBXProject section */
		F1BDAB5E1D98B9FF006A5CF8 /* Project object */ = {
			isa = PBXProject;
			attributes = {
				LastUpgradeCheck = 0800;
				ORGANIZATIONNAME = iosSchool;
				TargetAttributes = {
					F1BDAB651D98B9FF006A5CF8 = {
						CreatedOnToolsVersion = 8.0;
						ProvisioningStyle = Automatic;
					};
				};
			};
			buildConfigurationList = F1BDAB611D98B9FF006A5CF8 /* Build configuration list for PBXProject "GradesCaculatorClass" */;
			compatibilityVersion = "Xcode 3.2";
			developmentRegion = English;
			hasScannedForEncodings = 0;
			knownRegions = (
				en,
			);
			mainGroup = F1BDAB5D1D98B9FF006A5CF8;
			productRefGroup = F1BDAB671D98B9FF006A5CF8 /* Products */;
			projectDirPath = "";
			projectRoot = "";
			targets = (
				F1BDAB651D98B9FF006A5CF8 /* GradesCaculatorClass */,
			);
		};
/* End PBXProject section */

/* Begin PBXSourcesBuildPhase section */
		F1BDAB621D98B9FF006A5CF8 /* Sources */ = {
			isa = PBXSourcesBuildPhase;
			buildActionMask = 2147483647;
			files = (
				F1BDAB6A1D98B9FF006A5CF8 /* main.m in Sources */,
				F1BDAB721D98BA73006A5CF8 /* CaculationSubject.m in Sources */,
			);
			runOnlyForDeploymentPostprocessing = 0;
		};
/* End PBXSourcesBuildPhase section */

/* Begin XCBuildConfiguration section */
		F1BDAB6B1D98B9FF006A5CF8 /* Debug */ = {
			isa = XCBuildConfiguration;
			buildSettings = {
				ALWAYS_SEARCH_USER_PATHS = NO;
				CLANG_ANALYZER_NONNULL = YES;
				CLANG_CXX_LANGUAGE_STANDARD = "gnu++0x";
				CLANG_CXX_LIBRARY = "libc++";
				CLANG_ENABLE_MODULES = YES;
				CLANG_ENABLE_OBJC_ARC = YES;
				CLANG_WARN_BOOL_CONVERSION = YES;
				CLANG_WARN_CONSTANT_CONVERSION = YES;
				CLANG_WARN_DIRECT_OBJC_ISA_USAGE = YES_ERROR;
				CLANG_WARN_DOCUMENTATION_COMMENTS = YES;
				CLANG_WARN_EMPTY_BODY = YES;
				CLANG_WARN_ENUM_CONVERSION = YES;
				CLANG_WARN_INFINITE_RECURSION = YES;
				CLANG_WARN_INT_CONVERSION = YES;
				CLANG_WARN_OBJC_ROOT_CLASS = YES_ERROR;
				CLANG_WARN_SUSPICIOUS_MOVES = YES;
				CLANG_WARN_UNREACHABLE_CODE = YES;
				CLANG_WARN__DUPLICATE_METHOD_MATCH = YES;
				CODE_SIGN_IDENTITY = "-";
				COPY_PHASE_STRIP = NO;
				DEBUG_INFORMATION_FORMAT = dwarf;
				ENABLE_STRICT_OBJC_MSGSEND = YES;
				ENABLE_TESTABILITY = YES;
				GCC_C_LANGUAGE_STANDARD = gnu99;
				GCC_DYNAMIC_NO_PIC = NO;
				GCC_NO_COMMON_BLOCKS = YES;
				GCC_OPTIMIZATION_LEVEL = 0;
				GCC_PREPROCESSOR_DEFINITIONS = (
					"DEBUG=1",
					"$(inherited)",
				);
				GCC_WARN_64_TO_32_BIT_CONVERSION = YES;
				GCC_WARN_ABOUT_RETURN_TYPE = YES_ERROR;
				GCC_WARN_UNDECLARED_SELECTOR = YES;
				GCC_WARN_UNINITIALIZED_AUTOS = YES_AGGRESSIVE;
				GCC_WARN_UNUSED_FUNCTION = YES;
				GCC_WARN_UNUSED_VARIABLE = YES;
				MACOSX_DEPLOYMENT_TARGET = 10.11;
				MTL_ENABLE_DEBUG_INFO = YES;
				ONLY_ACTIVE_ARCH = YES;
				SDKROOT = macosx;
			};
			name = Debug;
		};
		F1BDAB6C1D98B9FF006A5CF8 /* Release */ = {
			isa = XCBuildConfiguration;
			buildSettings = {
				ALWAYS_SEARCH_USER_PATHS = NO;
				CLANG_ANALYZER_NONNULL = YES;
				CLANG_CXX_LANGUAGE_STANDARD = "gnu++0x";
				CLANG_CXX_LIBRARY = "libc++";
				CLANG_ENABLE_MODULES = YES;
				CLANG_ENABLE_OBJC_ARC = YES;
				CLANG_WARN_BOOL_CONVERSION = YES;
				CLANG_WARN_CONSTANT_CONVERSION = YES;
				CLANG_WARN_DIRECT_OBJC_ISA_USAGE = YES_ERROR;
				CLANG_WARN_DOCUMENTATION_COMMENTS = YES;
				CLANG_WARN_EMPTY_BODY = YES;
				CLANG_WARN_ENUM_CONVERSION = YES;
				CLANG_WARN_INFINITE_RECURSION = YES;
				CLANG_WARN_INT_CONVERSION = YES;
				CLANG_WARN_OBJC_ROOT_CLASS = YES_ERROR;
				CLANG_WARN_SUSPICIOUS_MOVES = YES;
				CLANG_WARN_UNREACHABLE_CODE = YES;
				CLANG_WARN__DUPLICATE_METHOD_MATCH = YES;
				CODE_SIGN_IDENTITY = "-";
				COPY_PHASE_STRIP = NO;
				DEBUG_INFORMATION_FORMAT = "dwarf-with-dsym";
				ENABLE_NS_ASSERTIONS = NO;
				ENABLE_STRICT_OBJC_MSGSEND = YES;
				GCC_C_LANGUAGE_STANDARD = gnu99;
				GCC_NO_COMMON_BLOCKS = YES;
				GCC_WARN_64_TO_32_BIT_CONVERSION = YES;
				GCC_WARN_ABOUT_RETURN_TYPE = YES_ERROR;
				GCC_WARN_UNDECLARED_SELECTOR = YES;
				GCC_WARN_UNINITIALIZED_AUTOS = YES_AGGRESSIVE;
				GCC_WARN_UNUSED_FUNCTION = YES;
				GCC_WARN_UNUSED_VARIABLE = YES;
				MACOSX_DEPLOYMENT_TARGET = 10.11;
				MTL_ENABLE_DEBUG_INFO = NO;
				SDKROOT = macosx;
			};
			name = Release;
		};
		F1BDAB6E1D98B9FF006A5CF8 /* Debug */ = {
			isa = XCBuildConfiguration;
			buildSettings = {
				PRODUCT_NAME = "$(TARGET_NAME)";
			};
			name = Debug;
		};
		F1BDAB6F1D98B9FF006A5CF8 /* Release */ = {
			isa = XCBuildConfiguration;
			buildSettings = {
				PRODUCT_NAME = "$(TARGET_NAME)";
			};
			name = Release;
		};
/* End XCBuildConfiguration section */

/* Begin XCConfigurationList section */
		F1BDAB611D98B9FF006A5CF8 /* Build configuration list for PBXProject "GradesCaculatorClass" */ = {
			isa = XCConfigurationList;
			buildConfigurations = (
				F1BDAB6B1D98B9FF006A5CF8 /* Debug */,
				F1BDAB6C1D98B9FF006A5CF8 /* Release */,
			);
			defaultConfigurationIsVisible = 0;
			defaultConfigurationName = Release;
		};
		F1BDAB6D1D98B9FF006A5CF8 /* Build configuration list for PBXNativeTarget "GradesCaculatorClass" */ = {
			isa = XCConfigurationList;
			buildConfigurations = (
				F1BDAB6E1D98B9FF006A5CF8 /* Debug */,
				F1BDAB6F1D98B9FF006A5CF8 /* Release */,
			);
			defaultConfigurationIsVisible = 0;
		};
/* End XCConfigurationList section */
	};
	rootObject = F1BDAB5E1D98B9FF006A5CF8 /* Project object */;
}
